
Microsoft Visual Studio Solution File, Format Version 12.00
# Visual Studio Version 17
VisualStudioVersion = 17.14.36414.22
MinimumVisualStudioVersion = 10.0.40219.1
Project("{FAE04EC0-301F-11D3-BF4B-00C04F79EFBC}") = "LoginEcoBIN", "Login\LoginEcoBIN.csproj", "{03D30C7D-9068-4CD7-AE13-46804C4C581D}"
EndProject
Global
	GlobalSection(SolutionConfigurationPlatforms) = preSolution
		Debug|Any CPU = Debug|Any CPU
		Release|Any CPU = Release|Any CPU
	EndGlobalSection
	GlobalSection(ProjectConfigurationPlatforms) = postSolution
		{03D30C7D-9068-4CD7-AE13-46804C4C581D}.Debug|Any CPU.ActiveCfg = Debug|Any CPU
		{03D30C7D-9068-4CD7-AE13-46804C4C581D}.Debug|Any CPU.Build.0 = Debug|Any CPU
		{03D30C7D-9068-4CD7-AE13-46804C4C581D}.Release|Any CPU.ActiveCfg = Release|Any CPU
		{03D30C7D-9068-4CD7-AE13-46804C4C581D}.Release|Any CPU.Build.0 = Release|Any CPU
	EndGlobalSection
	GlobalSection(SolutionProperties) = preSolution
		HideSolutionNode = FALSE
	EndGlobalSection
	GlobalSection(ExtensibilityGlobals) = postSolution
		SolutionGuid = {40AF49A2-5C75-422B-B39D-5349F203295B}
	EndGlobalSection
EndGlobal
